
Microsoft Visual Studio Solution File, Format Version 12.00
# Visual Studio Version 16
VisualStudioVersion = 16.0.31229.75
MinimumVisualStudioVersion = 10.0.40219.1
Project("{9A19103F-16F7-4668-BE54-9A1E7A4F7556}") = "WhiskyCrate.API", "WhiskyCrateServer\WhiskyCrate.API.csproj", "{DC677FB3-A2D6-46D1-AF6A-658722A3F17B}"
EndProject
Project("{2150E333-8FDC-42A3-9474-1A3956D46DE8}") = "src", "src", "{55AB6326-FB22-4AF4-BCC3-779BC4620CB5}"
EndProject
Project("{2150E333-8FDC-42A3-9474-1A3956D46DE8}") = "test", "test", "{B6687EBC-F0A3-4069-B4C7-6515E4378BD1}"
EndProject
Project("{9A19103F-16F7-4668-BE54-9A1E7A4F7556}") = "WhiskyCrate.API.Test", "WhiskyCrate.API.Test\WhiskyCrate.API.Test.csproj", "{780AF707-7F4C-47B0-BDB3-05DD061C6DC3}"
EndProject
Project("{9A19103F-16F7-4668-BE54-9A1E7A4F7556}") = "WhiskyCrate.Domain", "WhiskyCrate.Domain\WhiskyCrate.Domain.csproj", "{401C610B-9EEE-4A3B-9D31-726A6C477441}"
EndProject
Project("{9A19103F-16F7-4668-BE54-9A1E7A4F7556}") = "WhiskyCrate.Data", "ClassLibrary1\WhiskyCrate.Data.csproj", "{3935CC12-738C-4AC5-9D56-A1284DB2CD37}"
EndProject
Project("{9A19103F-16F7-4668-BE54-9A1E7A4F7556}") = "WhiskyCrate.Application", "WhiskyCreate.Application\WhiskyCrate.Application.csproj", "{16129AB4-63AD-44DC-AE1B-F8A1AA724431}"
EndProject
Project("{9A19103F-16F7-4668-BE54-9A1E7A4F7556}") = "WhiskyCrate.Application.Contracts", "ClassLibrary2\WhiskyCrate.Application.Contracts.csproj", "{B9A67AF9-649C-47CF-B8D6-09CC2AB1AF51}"
EndProject
Project("{FAE04EC0-301F-11D3-BF4B-00C04F79EFBC}") = "WhiskyCrate.Data.Contracts", "WhiskyCrate.Domain.Contracts\WhiskyCrate.Data.Contracts.csproj", "{3B47A208-991B-449E-930A-E681C9361FBD}"
EndProject
Global
	GlobalSection(SolutionConfigurationPlatforms) = preSolution
		Debug|Any CPU = Debug|Any CPU
		Release|Any CPU = Release|Any CPU
	EndGlobalSection
	GlobalSection(ProjectConfigurationPlatforms) = postSolution
		{DC677FB3-A2D6-46D1-AF6A-658722A3F17B}.Debug|Any CPU.ActiveCfg = Debug|Any CPU
		{DC677FB3-A2D6-46D1-AF6A-658722A3F17B}.Debug|Any CPU.Build.0 = Debug|Any CPU
		{DC677FB3-A2D6-46D1-AF6A-658722A3F17B}.Release|Any CPU.ActiveCfg = Release|Any CPU
		{DC677FB3-A2D6-46D1-AF6A-658722A3F17B}.Release|Any CPU.Build.0 = Release|Any CPU
		{780AF707-7F4C-47B0-BDB3-05DD061C6DC3}.Debug|Any CPU.ActiveCfg = Debug|Any CPU
		{780AF707-7F4C-47B0-BDB3-05DD061C6DC3}.Debug|Any CPU.Build.0 = Debug|Any CPU
		{780AF707-7F4C-47B0-BDB3-05DD061C6DC3}.Release|Any CPU.ActiveCfg = Release|Any CPU
		{780AF707-7F4C-47B0-BDB3-05DD061C6DC3}.Release|Any CPU.Build.0 = Release|Any CPU
		{401C610B-9EEE-4A3B-9D31-726A6C477441}.Debug|Any CPU.ActiveCfg = Debug|Any CPU
		{401C610B-9EEE-4A3B-9D31-726A6C477441}.Debug|Any CPU.Build.0 = Debug|Any CPU
		{401C610B-9EEE-4A3B-9D31-726A6C477441}.Release|Any CPU.ActiveCfg = Release|Any CPU
		{401C610B-9EEE-4A3B-9D31-726A6C477441}.Release|Any CPU.Build.0 = Release|Any CPU
		{3935CC12-738C-4AC5-9D56-A1284DB2CD37}.Debug|Any CPU.ActiveCfg = Debug|Any CPU
		{3935CC12-738C-4AC5-9D56-A1284DB2CD37}.Debug|Any CPU.Build.0 = Debug|Any CPU
		{3935CC12-738C-4AC5-9D56-A1284DB2CD37}.Release|Any CPU.ActiveCfg = Release|Any CPU
		{3935CC12-738C-4AC5-9D56-A1284DB2CD37}.Release|Any CPU.Build.0 = Release|Any CPU
		{16129AB4-63AD-44DC-AE1B-F8A1AA724431}.Debug|Any CPU.ActiveCfg = Debug|Any CPU
		{16129AB4-63AD-44DC-AE1B-F8A1AA724431}.Debug|Any CPU.Build.0 = Debug|Any CPU
		{16129AB4-63AD-44DC-AE1B-F8A1AA724431}.Release|Any CPU.ActiveCfg = Release|Any CPU
		{16129AB4-63AD-44DC-AE1B-F8A1AA724431}.Release|Any CPU.Build.0 = Release|Any CPU
		{B9A67AF9-649C-47CF-B8D6-09CC2AB1AF51}.Debug|Any CPU.ActiveCfg = Debug|Any CPU
		{B9A67AF9-649C-47CF-B8D6-09CC2AB1AF51}.Debug|Any CPU.Build.0 = Debug|Any CPU
		{B9A67AF9-649C-47CF-B8D6-09CC2AB1AF51}.Release|Any CPU.ActiveCfg = Release|Any CPU
		{B9A67AF9-649C-47CF-B8D6-09CC2AB1AF51}.Release|Any CPU.Build.0 = Release|Any CPU
		{3B47A208-991B-449E-930A-E681C9361FBD}.Debug|Any CPU.ActiveCfg = Debug|Any CPU
		{3B47A208-991B-449E-930A-E681C9361FBD}.Debug|Any CPU.Build.0 = Debug|Any CPU
		{3B47A208-991B-449E-930A-E681C9361FBD}.Release|Any CPU.ActiveCfg = Release|Any CPU
		{3B47A208-991B-449E-930A-E681C9361FBD}.Release|Any CPU.Build.0 = Release|Any CPU
	EndGlobalSection
	GlobalSection(SolutionProperties) = preSolution
		HideSolutionNode = FALSE
	EndGlobalSection
	GlobalSection(NestedProjects) = preSolution
		{DC677FB3-A2D6-46D1-AF6A-658722A3F17B} = {55AB6326-FB22-4AF4-BCC3-779BC4620CB5}
		{780AF707-7F4C-47B0-BDB3-05DD061C6DC3} = {B6687EBC-F0A3-4069-B4C7-6515E4378BD1}
		{401C610B-9EEE-4A3B-9D31-726A6C477441} = {55AB6326-FB22-4AF4-BCC3-779BC4620CB5}
		{3935CC12-738C-4AC5-9D56-A1284DB2CD37} = {55AB6326-FB22-4AF4-BCC3-779BC4620CB5}
		{16129AB4-63AD-44DC-AE1B-F8A1AA724431} = {55AB6326-FB22-4AF4-BCC3-779BC4620CB5}
		{B9A67AF9-649C-47CF-B8D6-09CC2AB1AF51} = {55AB6326-FB22-4AF4-BCC3-779BC4620CB5}
		{3B47A208-991B-449E-930A-E681C9361FBD} = {55AB6326-FB22-4AF4-BCC3-779BC4620CB5}
	EndGlobalSection
	GlobalSection(ExtensibilityGlobals) = postSolution
		SolutionGuid = {48CBDA4B-7B42-486A-92BC-CEF100DC9C37}
	EndGlobalSection
EndGlobal
