
Microsoft Visual Studio Solution File, Format Version 12.00
# Visual Studio Version 16
VisualStudioVersion = 16.0.31229.75
MinimumVisualStudioVersion = 10.0.40219.1
Project("{FAE04EC0-301F-11D3-BF4B-00C04F79EFBC}") = "WhiskyCrateServer", "WhiskyCrateServer\WhiskyCrateServer.csproj", "{DC677FB3-A2D6-46D1-AF6A-658722A3F17B}"
EndProject
Global
	GlobalSection(SolutionConfigurationPlatforms) = preSolution
		Debug|Any CPU = Debug|Any CPU
		Release|Any CPU = Release|Any CPU
	EndGlobalSection
	GlobalSection(ProjectConfigurationPlatforms) = postSolution
		{DC677FB3-A2D6-46D1-AF6A-658722A3F17B}.Debug|Any CPU.ActiveCfg = Debug|Any CPU
		{DC677FB3-A2D6-46D1-AF6A-658722A3F17B}.Debug|Any CPU.Build.0 = Debug|Any CPU
		{DC677FB3-A2D6-46D1-AF6A-658722A3F17B}.Release|Any CPU.ActiveCfg = Release|Any CPU
		{DC677FB3-A2D6-46D1-AF6A-658722A3F17B}.Release|Any CPU.Build.0 = Release|Any CPU
	EndGlobalSection
	GlobalSection(SolutionProperties) = preSolution
		HideSolutionNode = FALSE
	EndGlobalSection
	GlobalSection(ExtensibilityGlobals) = postSolution
		SolutionGuid = {48CBDA4B-7B42-486A-92BC-CEF100DC9C37}
	EndGlobalSection
EndGlobal
